// !$*UTF8*$!
{
	archiveVersion = 1;
	classes = {
	};
	objectVersion = 50;
	objects = {

/* Begin PBXBuildFile section */
		11449E15212B834E00229938 /* User.swift in Sources */ = {isa = PBXBuildFile; fileRef = 11449E14212B834E00229938 /* User.swift */; };
		11449E19212BFFA200229938 /* Global.swift in Sources */ = {isa = PBXBuildFile; fileRef = 11449E18212BFFA200229938 /* Global.swift */; };
		11449E2A212CBDE100229938 /* UIViewControllerExtension.swift in Sources */ = {isa = PBXBuildFile; fileRef = 11449E29212CBDE100229938 /* UIViewControllerExtension.swift */; };
		11449E2D212CC5CA00229938 /* TileCollectionViewCell.swift in Sources */ = {isa = PBXBuildFile; fileRef = 11449E2C212CC5CA00229938 /* TileCollectionViewCell.swift */; };
		11449E2F212CC81700229938 /* DetailViewController.swift in Sources */ = {isa = PBXBuildFile; fileRef = 11449E2E212CC81700229938 /* DetailViewController.swift */; };
		11449E31212CCDA300229938 /* UIImageExtension.swift in Sources */ = {isa = PBXBuildFile; fileRef = 11449E30212CCDA300229938 /* UIImageExtension.swift */; };
		11DD5D312128BC3900D4EBE5 /* AppDelegate.m in Sources */ = {isa = PBXBuildFile; fileRef = 11DD5D302128BC3900D4EBE5 /* AppDelegate.m */; };
		11DD5D372128BC3A00D4EBE5 /* Main.storyboard in Resources */ = {isa = PBXBuildFile; fileRef = 11DD5D352128BC3A00D4EBE5 /* Main.storyboard */; };
		11DD5D3A2128BC3A00D4EBE5 /* Green.xcdatamodeld in Sources */ = {isa = PBXBuildFile; fileRef = 11DD5D382128BC3A00D4EBE5 /* Green.xcdatamodeld */; };
		11DD5D3C2128BC3D00D4EBE5 /* Assets.xcassets in Resources */ = {isa = PBXBuildFile; fileRef = 11DD5D3B2128BC3D00D4EBE5 /* Assets.xcassets */; };
		11DD5D3F2128BC3D00D4EBE5 /* LaunchScreen.storyboard in Resources */ = {isa = PBXBuildFile; fileRef = 11DD5D3D2128BC3D00D4EBE5 /* LaunchScreen.storyboard */; };
		11DD5D422128BC3D00D4EBE5 /* main.m in Sources */ = {isa = PBXBuildFile; fileRef = 11DD5D412128BC3D00D4EBE5 /* main.m */; };
		11DD5D4C2128BC3D00D4EBE5 /* GreenTests.m in Sources */ = {isa = PBXBuildFile; fileRef = 11DD5D4B2128BC3D00D4EBE5 /* GreenTests.m */; };
		11DD5D5C2128C04600D4EBE5 /* LoginViewController.m in Sources */ = {isa = PBXBuildFile; fileRef = 11DD5D5B2128C04600D4EBE5 /* LoginViewController.m */; };
		11DD5D5E212B5CB500D4EBE5 /* README.md in Resources */ = {isa = PBXBuildFile; fileRef = 11DD5D5D212B5CB400D4EBE5 /* README.md */; };
		11DD5D61212B5D5E00D4EBE5 /* RegistrationViewController.swift in Sources */ = {isa = PBXBuildFile; fileRef = 11DD5D60212B5D5E00D4EBE5 /* RegistrationViewController.swift */; };
		11DD5D66212B75DB00D4EBE5 /* Home.storyboard in Resources */ = {isa = PBXBuildFile; fileRef = 11DD5D65212B75DB00D4EBE5 /* Home.storyboard */; };
		11DD5D68212B76BC00D4EBE5 /* HomeViewController.swift in Sources */ = {isa = PBXBuildFile; fileRef = 11DD5D67212B76BC00D4EBE5 /* HomeViewController.swift */; };
		6B9695D913A22977B24C1E25 /* Pods_GreenTests.framework in Frameworks */ = {isa = PBXBuildFile; fileRef = 87F2A111386DB8F4A04DA9A7 /* Pods_GreenTests.framework */; };
		756F25FAF4CB74482B750CF5 /* Pods_Green.framework in Frameworks */ = {isa = PBXBuildFile; fileRef = C1228906FFCF9654F85057B3 /* Pods_Green.framework */; };
/* End PBXBuildFile section */

/* Begin PBXContainerItemProxy section */
		11DD5D482128BC3D00D4EBE5 /* PBXContainerItemProxy */ = {
			isa = PBXContainerItemProxy;
			containerPortal = 11DD5D242128BC3900D4EBE5 /* Project object */;
			proxyType = 1;
			remoteGlobalIDString = 11DD5D2B2128BC3900D4EBE5;
			remoteInfo = Green;
		};
/* End PBXContainerItemProxy section */

/* Begin PBXFileReference section */
		11449E14212B834E00229938 /* User.swift */ = {isa = PBXFileReference; lastKnownFileType = sourcecode.swift; path = User.swift; sourceTree = "<group>"; };
		11449E18212BFFA200229938 /* Global.swift */ = {isa = PBXFileReference; lastKnownFileType = sourcecode.swift; path = Global.swift; sourceTree = "<group>"; };
		11449E29212CBDE100229938 /* UIViewControllerExtension.swift */ = {isa = PBXFileReference; lastKnownFileType = sourcecode.swift; path = UIViewControllerExtension.swift; sourceTree = "<group>"; };
		11449E2C212CC5CA00229938 /* TileCollectionViewCell.swift */ = {isa = PBXFileReference; lastKnownFileType = sourcecode.swift; path = TileCollectionViewCell.swift; sourceTree = "<group>"; };
		11449E2E212CC81700229938 /* DetailViewController.swift */ = {isa = PBXFileReference; lastKnownFileType = sourcecode.swift; path = DetailViewController.swift; sourceTree = "<group>"; };
		11449E30212CCDA300229938 /* UIImageExtension.swift */ = {isa = PBXFileReference; lastKnownFileType = sourcecode.swift; path = UIImageExtension.swift; sourceTree = "<group>"; };
		11DD5D2C2128BC3900D4EBE5 /* Green.app */ = {isa = PBXFileReference; explicitFileType = wrapper.application; includeInIndex = 0; path = Green.app; sourceTree = BUILT_PRODUCTS_DIR; };
		11DD5D2F2128BC3900D4EBE5 /* AppDelegate.h */ = {isa = PBXFileReference; lastKnownFileType = sourcecode.c.h; path = AppDelegate.h; sourceTree = "<group>"; };
		11DD5D302128BC3900D4EBE5 /* AppDelegate.m */ = {isa = PBXFileReference; lastKnownFileType = sourcecode.c.objc; path = AppDelegate.m; sourceTree = "<group>"; };
		11DD5D362128BC3A00D4EBE5 /* Base */ = {isa = PBXFileReference; lastKnownFileType = file.storyboard; name = Base; path = Base.lproj/Main.storyboard; sourceTree = "<group>"; };
		11DD5D392128BC3A00D4EBE5 /* Green.xcdatamodel */ = {isa = PBXFileReference; lastKnownFileType = wrapper.xcdatamodel; path = Green.xcdatamodel; sourceTree = "<group>"; };
		11DD5D3B2128BC3D00D4EBE5 /* Assets.xcassets */ = {isa = PBXFileReference; lastKnownFileType = folder.assetcatalog; path = Assets.xcassets; sourceTree = "<group>"; };
		11DD5D3E2128BC3D00D4EBE5 /* Base */ = {isa = PBXFileReference; lastKnownFileType = file.storyboard; name = Base; path = Base.lproj/LaunchScreen.storyboard; sourceTree = "<group>"; };
		11DD5D402128BC3D00D4EBE5 /* Info.plist */ = {isa = PBXFileReference; lastKnownFileType = text.plist.xml; path = Info.plist; sourceTree = "<group>"; };
		11DD5D412128BC3D00D4EBE5 /* main.m */ = {isa = PBXFileReference; lastKnownFileType = sourcecode.c.objc; path = main.m; sourceTree = "<group>"; };
		11DD5D472128BC3D00D4EBE5 /* GreenTests.xctest */ = {isa = PBXFileReference; explicitFileType = wrapper.cfbundle; includeInIndex = 0; path = GreenTests.xctest; sourceTree = BUILT_PRODUCTS_DIR; };
		11DD5D4B2128BC3D00D4EBE5 /* GreenTests.m */ = {isa = PBXFileReference; lastKnownFileType = sourcecode.c.objc; path = GreenTests.m; sourceTree = "<group>"; };
		11DD5D4D2128BC3D00D4EBE5 /* Info.plist */ = {isa = PBXFileReference; lastKnownFileType = text.plist.xml; path = Info.plist; sourceTree = "<group>"; };
		11DD5D562128BE0800D4EBE5 /* Green-Bridging-Header.h */ = {isa = PBXFileReference; lastKnownFileType = sourcecode.c.h; path = "Green-Bridging-Header.h"; sourceTree = "<group>"; };
		11DD5D5A2128C04600D4EBE5 /* LoginViewController.h */ = {isa = PBXFileReference; lastKnownFileType = sourcecode.c.h; path = LoginViewController.h; sourceTree = "<group>"; };
		11DD5D5B2128C04600D4EBE5 /* LoginViewController.m */ = {isa = PBXFileReference; lastKnownFileType = sourcecode.c.objc; path = LoginViewController.m; sourceTree = "<group>"; };
		11DD5D5D212B5CB400D4EBE5 /* README.md */ = {isa = PBXFileReference; fileEncoding = 4; lastKnownFileType = net.daringfireball.markdown; path = README.md; sourceTree = "<group>"; };
		11DD5D60212B5D5E00D4EBE5 /* RegistrationViewController.swift */ = {isa = PBXFileReference; lastKnownFileType = sourcecode.swift; path = RegistrationViewController.swift; sourceTree = "<group>"; };
		11DD5D65212B75DB00D4EBE5 /* Home.storyboard */ = {isa = PBXFileReference; lastKnownFileType = file.storyboard; path = Home.storyboard; sourceTree = "<group>"; };
		11DD5D67212B76BC00D4EBE5 /* HomeViewController.swift */ = {isa = PBXFileReference; lastKnownFileType = sourcecode.swift; path = HomeViewController.swift; sourceTree = "<group>"; };
		11DD5D6B212B7D4600D4EBE5 /* Green-Swift.h */ = {isa = PBXFileReference; lastKnownFileType = sourcecode.c.h; path = "Green-Swift.h"; sourceTree = "<group>"; };
		421D83372B4A612CCF462631 /* Pods-GreenTests.debug.xcconfig */ = {isa = PBXFileReference; includeInIndex = 1; lastKnownFileType = text.xcconfig; name = "Pods-GreenTests.debug.xcconfig"; path = "Pods/Target Support Files/Pods-GreenTests/Pods-GreenTests.debug.xcconfig"; sourceTree = "<group>"; };
		87F2A111386DB8F4A04DA9A7 /* Pods_GreenTests.framework */ = {isa = PBXFileReference; explicitFileType = wrapper.framework; includeInIndex = 0; path = Pods_GreenTests.framework; sourceTree = BUILT_PRODUCTS_DIR; };
		8E0B7CA87193072D24076997 /* Pods-Green.release.xcconfig */ = {isa = PBXFileReference; includeInIndex = 1; lastKnownFileType = text.xcconfig; name = "Pods-Green.release.xcconfig"; path = "Pods/Target Support Files/Pods-Green/Pods-Green.release.xcconfig"; sourceTree = "<group>"; };
		A0D08D833520CD41D34EB1E4 /* Pods-Green.debug.xcconfig */ = {isa = PBXFileReference; includeInIndex = 1; lastKnownFileType = text.xcconfig; name = "Pods-Green.debug.xcconfig"; path = "Pods/Target Support Files/Pods-Green/Pods-Green.debug.xcconfig"; sourceTree = "<group>"; };
		C1228906FFCF9654F85057B3 /* Pods_Green.framework */ = {isa = PBXFileReference; explicitFileType = wrapper.framework; includeInIndex = 0; path = Pods_Green.framework; sourceTree = BUILT_PRODUCTS_DIR; };
		D5488BA27D98EBD0ECB863BE /* Pods-GreenTests.release.xcconfig */ = {isa = PBXFileReference; includeInIndex = 1; lastKnownFileType = text.xcconfig; name = "Pods-GreenTests.release.xcconfig"; path = "Pods/Target Support Files/Pods-GreenTests/Pods-GreenTests.release.xcconfig"; sourceTree = "<group>"; };
/* End PBXFileReference section */

/* Begin PBXFrameworksBuildPhase section */
		11DD5D292128BC3900D4EBE5 /* Frameworks */ = {
			isa = PBXFrameworksBuildPhase;
			buildActionMask = 2147483647;
			files = (
				756F25FAF4CB74482B750CF5 /* Pods_Green.framework in Frameworks */,
			);
			runOnlyForDeploymentPostprocessing = 0;
		};
		11DD5D442128BC3D00D4EBE5 /* Frameworks */ = {
			isa = PBXFrameworksBuildPhase;
			buildActionMask = 2147483647;
			files = (
				6B9695D913A22977B24C1E25 /* Pods_GreenTests.framework in Frameworks */,
			);
			runOnlyForDeploymentPostprocessing = 0;
		};
/* End PBXFrameworksBuildPhase section */

/* Begin PBXGroup section */
		11449E13212B834200229938 /* Model */ = {
			isa = PBXGroup;
			children = (
				11449E14212B834E00229938 /* User.swift */,
			);
			path = Model;
			sourceTree = "<group>";
		};
		11449E16212BFF7800229938 /* Util */ = {
			isa = PBXGroup;
			children = (
				11449E18212BFFA200229938 /* Global.swift */,
			);
			path = Util;
			sourceTree = "<group>";
		};
		11449E28212CBDCF00229938 /* Extension */ = {
			isa = PBXGroup;
			children = (
				11449E29212CBDE100229938 /* UIViewControllerExtension.swift */,
				11449E30212CCDA300229938 /* UIImageExtension.swift */,
			);
			path = Extension;
			sourceTree = "<group>";
		};
		11449E2B212CC5AB00229938 /* Cell */ = {
			isa = PBXGroup;
			children = (
				11449E2C212CC5CA00229938 /* TileCollectionViewCell.swift */,
			);
			path = Cell;
			sourceTree = "<group>";
		};
		11DD5D232128BC3900D4EBE5 = {
			isa = PBXGroup;
			children = (
				11DD5D5D212B5CB400D4EBE5 /* README.md */,
				11DD5D2E2128BC3900D4EBE5 /* Green */,
				11DD5D4A2128BC3D00D4EBE5 /* GreenTests */,
				11DD5D2D2128BC3900D4EBE5 /* Products */,
				D010ADB2C1A8EC829A3EFA1F /* Pods */,
				1385407133AE4F511921D486 /* Frameworks */,
			);
			sourceTree = "<group>";
		};
		11DD5D2D2128BC3900D4EBE5 /* Products */ = {
			isa = PBXGroup;
			children = (
				11DD5D2C2128BC3900D4EBE5 /* Green.app */,
				11DD5D472128BC3D00D4EBE5 /* GreenTests.xctest */,
			);
			name = Products;
			sourceTree = "<group>";
		};
		11DD5D2E2128BC3900D4EBE5 /* Green */ = {
			isa = PBXGroup;
			children = (
				11449E28212CBDCF00229938 /* Extension */,
				11449E16212BFF7800229938 /* Util */,
				11449E13212B834200229938 /* Model */,
				11DD5D62212B75AB00D4EBE5 /* Home */,
				11DD5D592128C03300D4EBE5 /* Login */,
				11DD5D5F212B5D4900D4EBE5 /* Registration */,
				11DD5D2F2128BC3900D4EBE5 /* AppDelegate.h */,
				11DD5D302128BC3900D4EBE5 /* AppDelegate.m */,
				11DD5D562128BE0800D4EBE5 /* Green-Bridging-Header.h */,
				11DD5D6B212B7D4600D4EBE5 /* Green-Swift.h */,
				11DD5D3B2128BC3D00D4EBE5 /* Assets.xcassets */,
				11DD5D402128BC3D00D4EBE5 /* Info.plist */,
				11DD5D412128BC3D00D4EBE5 /* main.m */,
				11DD5D352128BC3A00D4EBE5 /* Main.storyboard */,
				11DD5D3D2128BC3D00D4EBE5 /* LaunchScreen.storyboard */,
				11DD5D382128BC3A00D4EBE5 /* Green.xcdatamodeld */,
			);
			path = Green;
			sourceTree = "<group>";
		};
		11DD5D4A2128BC3D00D4EBE5 /* GreenTests */ = {
			isa = PBXGroup;
			children = (
				11DD5D4B2128BC3D00D4EBE5 /* GreenTests.m */,
				11DD5D4D2128BC3D00D4EBE5 /* Info.plist */,
			);
			path = GreenTests;
			sourceTree = "<group>";
		};
		11DD5D592128C03300D4EBE5 /* Login */ = {
			isa = PBXGroup;
			children = (
				11DD5D5A2128C04600D4EBE5 /* LoginViewController.h */,
				11DD5D5B2128C04600D4EBE5 /* LoginViewController.m */,
			);
			path = Login;
			sourceTree = "<group>";
		};
		11DD5D5F212B5D4900D4EBE5 /* Registration */ = {
			isa = PBXGroup;
			children = (
				11DD5D60212B5D5E00D4EBE5 /* RegistrationViewController.swift */,
			);
			path = Registration;
			sourceTree = "<group>";
		};
		11DD5D62212B75AB00D4EBE5 /* Home */ = {
			isa = PBXGroup;
			children = (
				11DD5D63212B75BA00D4EBE5 /* Controller */,
				11DD5D64212B75C600D4EBE5 /* View */,
			);
			path = Home;
			sourceTree = "<group>";
		};
		11DD5D63212B75BA00D4EBE5 /* Controller */ = {
			isa = PBXGroup;
			children = (
				11449E2B212CC5AB00229938 /* Cell */,
				11DD5D67212B76BC00D4EBE5 /* HomeViewController.swift */,
				11449E2E212CC81700229938 /* DetailViewController.swift */,
			);
			path = Controller;
			sourceTree = "<group>";
		};
		11DD5D64212B75C600D4EBE5 /* View */ = {
			isa = PBXGroup;
			children = (
				11DD5D65212B75DB00D4EBE5 /* Home.storyboard */,
			);
			path = View;
			sourceTree = "<group>";
		};
		1385407133AE4F511921D486 /* Frameworks */ = {
			isa = PBXGroup;
			children = (
				C1228906FFCF9654F85057B3 /* Pods_Green.framework */,
				87F2A111386DB8F4A04DA9A7 /* Pods_GreenTests.framework */,
			);
			name = Frameworks;
			sourceTree = "<group>";
		};
		D010ADB2C1A8EC829A3EFA1F /* Pods */ = {
			isa = PBXGroup;
			children = (
				A0D08D833520CD41D34EB1E4 /* Pods-Green.debug.xcconfig */,
				8E0B7CA87193072D24076997 /* Pods-Green.release.xcconfig */,
				421D83372B4A612CCF462631 /* Pods-GreenTests.debug.xcconfig */,
				D5488BA27D98EBD0ECB863BE /* Pods-GreenTests.release.xcconfig */,
			);
			name = Pods;
			sourceTree = "<group>";
		};
/* End PBXGroup section */

/* Begin PBXNativeTarget section */
		11DD5D2B2128BC3900D4EBE5 /* Green */ = {
			isa = PBXNativeTarget;
			buildConfigurationList = 11DD5D502128BC3D00D4EBE5 /* Build configuration list for PBXNativeTarget "Green" */;
			buildPhases = (
				39E4E155A75D4245EF847A73 /* [CP] Check Pods Manifest.lock */,
				11DD5D282128BC3900D4EBE5 /* Sources */,
				11DD5D292128BC3900D4EBE5 /* Frameworks */,
				11DD5D2A2128BC3900D4EBE5 /* Resources */,
				EFB83BACB33ADD754A11991E /* [CP] Embed Pods Frameworks */,
			);
			buildRules = (
			);
			dependencies = (
			);
			name = Green;
			productName = Green;
			productReference = 11DD5D2C2128BC3900D4EBE5 /* Green.app */;
			productType = "com.apple.product-type.application";
		};
		11DD5D462128BC3D00D4EBE5 /* GreenTests */ = {
			isa = PBXNativeTarget;
			buildConfigurationList = 11DD5D532128BC3D00D4EBE5 /* Build configuration list for PBXNativeTarget "GreenTests" */;
			buildPhases = (
				ADBF108AE251F1810976BA62 /* [CP] Check Pods Manifest.lock */,
				11DD5D432128BC3D00D4EBE5 /* Sources */,
				11DD5D442128BC3D00D4EBE5 /* Frameworks */,
				11DD5D452128BC3D00D4EBE5 /* Resources */,
			);
			buildRules = (
			);
			dependencies = (
				11DD5D492128BC3D00D4EBE5 /* PBXTargetDependency */,
			);
			name = GreenTests;
			productName = GreenTests;
			productReference = 11DD5D472128BC3D00D4EBE5 /* GreenTests.xctest */;
			productType = "com.apple.product-type.bundle.unit-test";
		};
/* End PBXNativeTarget section */

/* Begin PBXProject section */
		11DD5D242128BC3900D4EBE5 /* Project object */ = {
			isa = PBXProject;
			attributes = {
				LastUpgradeCheck = 0940;
				ORGANIZATIONNAME = CreativeDev;
				TargetAttributes = {
					11DD5D2B2128BC3900D4EBE5 = {
						CreatedOnToolsVersion = 9.4.1;
						LastSwiftMigration = 0940;
					};
					11DD5D462128BC3D00D4EBE5 = {
						CreatedOnToolsVersion = 9.4.1;
						TestTargetID = 11DD5D2B2128BC3900D4EBE5;
					};
				};
			};
			buildConfigurationList = 11DD5D272128BC3900D4EBE5 /* Build configuration list for PBXProject "Green" */;
			compatibilityVersion = "Xcode 9.3";
			developmentRegion = en;
			hasScannedForEncodings = 0;
			knownRegions = (
				en,
				Base,
			);
			mainGroup = 11DD5D232128BC3900D4EBE5;
			productRefGroup = 11DD5D2D2128BC3900D4EBE5 /* Products */;
			projectDirPath = "";
			projectRoot = "";
			targets = (
				11DD5D2B2128BC3900D4EBE5 /* Green */,
				11DD5D462128BC3D00D4EBE5 /* GreenTests */,
			);
		};
/* End PBXProject section */

/* Begin PBXResourcesBuildPhase section */
		11DD5D2A2128BC3900D4EBE5 /* Resources */ = {
			isa = PBXResourcesBuildPhase;
			buildActionMask = 2147483647;
			files = (
				11DD5D3F2128BC3D00D4EBE5 /* LaunchScreen.storyboard in Resources */,
				11DD5D66212B75DB00D4EBE5 /* Home.storyboard in Resources */,
				11DD5D3C2128BC3D00D4EBE5 /* Assets.xcassets in Resources */,
				11DD5D5E212B5CB500D4EBE5 /* README.md in Resources */,
				11DD5D372128BC3A00D4EBE5 /* Main.storyboard in Resources */,
			);
			runOnlyForDeploymentPostprocessing = 0;
		};
		11DD5D452128BC3D00D4EBE5 /* Resources */ = {
			isa = PBXResourcesBuildPhase;
			buildActionMask = 2147483647;
			files = (
			);
			runOnlyForDeploymentPostprocessing = 0;
		};
/* End PBXResourcesBuildPhase section */

/* Begin PBXShellScriptBuildPhase section */
		39E4E155A75D4245EF847A73 /* [CP] Check Pods Manifest.lock */ = {
			isa = PBXShellScriptBuildPhase;
			buildActionMask = 2147483647;
			files = (
			);
			inputPaths = (
				"${PODS_PODFILE_DIR_PATH}/Podfile.lock",
				"${PODS_ROOT}/Manifest.lock",
			);
			name = "[CP] Check Pods Manifest.lock";
			outputPaths = (
				"$(DERIVED_FILE_DIR)/Pods-Green-checkManifestLockResult.txt",
			);
			runOnlyForDeploymentPostprocessing = 0;
			shellPath = /bin/sh;
			shellScript = "diff \"${PODS_PODFILE_DIR_PATH}/Podfile.lock\" \"${PODS_ROOT}/Manifest.lock\" > /dev/null\nif [ $? != 0 ] ; then\n    # print error to STDERR\n    echo \"error: The sandbox is not in sync with the Podfile.lock. Run 'pod install' or update your CocoaPods installation.\" >&2\n    exit 1\nfi\n# This output is used by Xcode 'outputs' to avoid re-running this script phase.\necho \"SUCCESS\" > \"${SCRIPT_OUTPUT_FILE_0}\"\n";
			showEnvVarsInLog = 0;
		};
		ADBF108AE251F1810976BA62 /* [CP] Check Pods Manifest.lock */ = {
			isa = PBXShellScriptBuildPhase;
			buildActionMask = 2147483647;
			files = (
			);
			inputPaths = (
				"${PODS_PODFILE_DIR_PATH}/Podfile.lock",
				"${PODS_ROOT}/Manifest.lock",
			);
			name = "[CP] Check Pods Manifest.lock";
			outputPaths = (
				"$(DERIVED_FILE_DIR)/Pods-GreenTests-checkManifestLockResult.txt",
			);
			runOnlyForDeploymentPostprocessing = 0;
			shellPath = /bin/sh;
			shellScript = "diff \"${PODS_PODFILE_DIR_PATH}/Podfile.lock\" \"${PODS_ROOT}/Manifest.lock\" > /dev/null\nif [ $? != 0 ] ; then\n    # print error to STDERR\n    echo \"error: The sandbox is not in sync with the Podfile.lock. Run 'pod install' or update your CocoaPods installation.\" >&2\n    exit 1\nfi\n# This output is used by Xcode 'outputs' to avoid re-running this script phase.\necho \"SUCCESS\" > \"${SCRIPT_OUTPUT_FILE_0}\"\n";
			showEnvVarsInLog = 0;
		};
		EFB83BACB33ADD754A11991E /* [CP] Embed Pods Frameworks */ = {
			isa = PBXShellScriptBuildPhase;
			buildActionMask = 2147483647;
			files = (
			);
			inputPaths = (
				"${SRCROOT}/Pods/Target Support Files/Pods-Green/Pods-Green-frameworks.sh",
				"${BUILT_PRODUCTS_DIR}/Bolts/Bolts.framework",
				"${BUILT_PRODUCTS_DIR}/FBSDKCoreKit/FBSDKCoreKit.framework",
				"${BUILT_PRODUCTS_DIR}/FBSDKLoginKit/FBSDKLoginKit.framework",
				"${BUILT_PRODUCTS_DIR}/Kingfisher/Kingfisher.framework",
				"${BUILT_PRODUCTS_DIR}/Realm/Realm.framework",
				"${BUILT_PRODUCTS_DIR}/RealmSwift/RealmSwift.framework",
			);
			name = "[CP] Embed Pods Frameworks";
			outputPaths = (
				"${TARGET_BUILD_DIR}/${FRAMEWORKS_FOLDER_PATH}/Bolts.framework",
				"${TARGET_BUILD_DIR}/${FRAMEWORKS_FOLDER_PATH}/FBSDKCoreKit.framework",
				"${TARGET_BUILD_DIR}/${FRAMEWORKS_FOLDER_PATH}/FBSDKLoginKit.framework",
				"${TARGET_BUILD_DIR}/${FRAMEWORKS_FOLDER_PATH}/Kingfisher.framework",
				"${TARGET_BUILD_DIR}/${FRAMEWORKS_FOLDER_PATH}/Realm.framework",
				"${TARGET_BUILD_DIR}/${FRAMEWORKS_FOLDER_PATH}/RealmSwift.framework",
			);
			runOnlyForDeploymentPostprocessing = 0;
			shellPath = /bin/sh;
			shellScript = "\"${SRCROOT}/Pods/Target Support Files/Pods-Green/Pods-Green-frameworks.sh\"\n";
			showEnvVarsInLog = 0;
		};
/* End PBXShellScriptBuildPhase section */

/* Begin PBXSourcesBuildPhase section */
		11DD5D282128BC3900D4EBE5 /* Sources */ = {
			isa = PBXSourcesBuildPhase;
			buildActionMask = 2147483647;
			files = (
				11449E2F212CC81700229938 /* DetailViewController.swift in Sources */,
				11449E19212BFFA200229938 /* Global.swift in Sources */,
				11DD5D5C2128C04600D4EBE5 /* LoginViewController.m in Sources */,
				11449E2A212CBDE100229938 /* UIViewControllerExtension.swift in Sources */,
				11DD5D3A2128BC3A00D4EBE5 /* Green.xcdatamodeld in Sources */,
				11DD5D422128BC3D00D4EBE5 /* main.m in Sources */,
				11DD5D312128BC3900D4EBE5 /* AppDelegate.m in Sources */,
				11449E2D212CC5CA00229938 /* TileCollectionViewCell.swift in Sources */,
				11DD5D61212B5D5E00D4EBE5 /* RegistrationViewController.swift in Sources */,
				11DD5D68212B76BC00D4EBE5 /* HomeViewController.swift in Sources */,
				11449E15212B834E00229938 /* User.swift in Sources */,
				11449E31212CCDA300229938 /* UIImageExtension.swift in Sources */,
			);
			runOnlyForDeploymentPostprocessing = 0;
		};
		11DD5D432128BC3D00D4EBE5 /* Sources */ = {
			isa = PBXSourcesBuildPhase;
			buildActionMask = 2147483647;
			files = (
				11DD5D4C2128BC3D00D4EBE5 /* GreenTests.m in Sources */,
			);
			runOnlyForDeploymentPostprocessing = 0;
		};
/* End PBXSourcesBuildPhase section */

/* Begin PBXTargetDependency section */
		11DD5D492128BC3D00D4EBE5 /* PBXTargetDependency */ = {
			isa = PBXTargetDependency;
			target = 11DD5D2B2128BC3900D4EBE5 /* Green */;
			targetProxy = 11DD5D482128BC3D00D4EBE5 /* PBXContainerItemProxy */;
		};
/* End PBXTargetDependency section */

/* Begin PBXVariantGroup section */
		11DD5D352128BC3A00D4EBE5 /* Main.storyboard */ = {
			isa = PBXVariantGroup;
			children = (
				11DD5D362128BC3A00D4EBE5 /* Base */,
			);
			name = Main.storyboard;
			sourceTree = "<group>";
		};
		11DD5D3D2128BC3D00D4EBE5 /* LaunchScreen.storyboard */ = {
			isa = PBXVariantGroup;
			children = (
				11DD5D3E2128BC3D00D4EBE5 /* Base */,
			);
			name = LaunchScreen.storyboard;
			sourceTree = "<group>";
		};
/* End PBXVariantGroup section */

/* Begin XCBuildConfiguration section */
		11DD5D4E2128BC3D00D4EBE5 /* Debug */ = {
			isa = XCBuildConfiguration;
			buildSettings = {
				ALWAYS_SEARCH_USER_PATHS = NO;
				CLANG_ANALYZER_NONNULL = YES;
				CLANG_ANALYZER_NUMBER_OBJECT_CONVERSION = YES_AGGRESSIVE;
				CLANG_CXX_LANGUAGE_STANDARD = "gnu++14";
				CLANG_CXX_LIBRARY = "libc++";
				CLANG_ENABLE_MODULES = YES;
				CLANG_ENABLE_OBJC_ARC = YES;
				CLANG_ENABLE_OBJC_WEAK = YES;
				CLANG_WARN_BLOCK_CAPTURE_AUTORELEASING = YES;
				CLANG_WARN_BOOL_CONVERSION = YES;
				CLANG_WARN_COMMA = YES;
				CLANG_WARN_CONSTANT_CONVERSION = YES;
				CLANG_WARN_DEPRECATED_OBJC_IMPLEMENTATIONS = YES;
				CLANG_WARN_DIRECT_OBJC_ISA_USAGE = YES_ERROR;
				CLANG_WARN_DOCUMENTATION_COMMENTS = YES;
				CLANG_WARN_EMPTY_BODY = YES;
				CLANG_WARN_ENUM_CONVERSION = YES;
				CLANG_WARN_INFINITE_RECURSION = YES;
				CLANG_WARN_INT_CONVERSION = YES;
				CLANG_WARN_NON_LITERAL_NULL_CONVERSION = YES;
				CLANG_WARN_OBJC_IMPLICIT_RETAIN_SELF = YES;
				CLANG_WARN_OBJC_LITERAL_CONVERSION = YES;
				CLANG_WARN_OBJC_ROOT_CLASS = YES_ERROR;
				CLANG_WARN_RANGE_LOOP_ANALYSIS = YES;
				CLANG_WARN_STRICT_PROTOTYPES = YES;
				CLANG_WARN_SUSPICIOUS_MOVE = YES;
				CLANG_WARN_UNGUARDED_AVAILABILITY = YES_AGGRESSIVE;
				CLANG_WARN_UNREACHABLE_CODE = YES;
				CLANG_WARN__DUPLICATE_METHOD_MATCH = YES;
				CODE_SIGN_IDENTITY = "iPhone Developer";
				COPY_PHASE_STRIP = NO;
				DEBUG_INFORMATION_FORMAT = dwarf;
				DEFINES_MODULE = YES;
				ENABLE_STRICT_OBJC_MSGSEND = YES;
				ENABLE_TESTABILITY = YES;
				GCC_C_LANGUAGE_STANDARD = gnu11;
				GCC_DYNAMIC_NO_PIC = NO;
				GCC_NO_COMMON_BLOCKS = YES;
				GCC_OPTIMIZATION_LEVEL = 0;
				GCC_PREPROCESSOR_DEFINITIONS = (
					"DEBUG=1",
					"$(inherited)",
				);
				GCC_WARN_64_TO_32_BIT_CONVERSION = YES;
				GCC_WARN_ABOUT_RETURN_TYPE = YES_ERROR;
				GCC_WARN_UNDECLARED_SELECTOR = YES;
				GCC_WARN_UNINITIALIZED_AUTOS = YES_AGGRESSIVE;
				GCC_WARN_UNUSED_FUNCTION = YES;
				GCC_WARN_UNUSED_VARIABLE = YES;
				IPHONEOS_DEPLOYMENT_TARGET = 11.4;
				MTL_ENABLE_DEBUG_INFO = YES;
				ONLY_ACTIVE_ARCH = YES;
				SDKROOT = iphoneos;
			};
			name = Debug;
		};
		11DD5D4F2128BC3D00D4EBE5 /* Release */ = {
			isa = XCBuildConfiguration;
			buildSettings = {
				ALWAYS_SEARCH_USER_PATHS = NO;
				CLANG_ANALYZER_NONNULL = YES;
				CLANG_ANALYZER_NUMBER_OBJECT_CONVERSION = YES_AGGRESSIVE;
				CLANG_CXX_LANGUAGE_STANDARD = "gnu++14";
				CLANG_CXX_LIBRARY = "libc++";
				CLANG_ENABLE_MODULES = YES;
				CLANG_ENABLE_OBJC_ARC = YES;
				CLANG_ENABLE_OBJC_WEAK = YES;
				CLANG_WARN_BLOCK_CAPTURE_AUTORELEASING = YES;
				CLANG_WARN_BOOL_CONVERSION = YES;
				CLANG_WARN_COMMA = YES;
				CLANG_WARN_CONSTANT_CONVERSION = YES;
				CLANG_WARN_DEPRECATED_OBJC_IMPLEMENTATIONS = YES;
				CLANG_WARN_DIRECT_OBJC_ISA_USAGE = YES_ERROR;
				CLANG_WARN_DOCUMENTATION_COMMENTS = YES;
				CLANG_WARN_EMPTY_BODY = YES;
				CLANG_WARN_ENUM_CONVERSION = YES;
				CLANG_WARN_INFINITE_RECURSION = YES;
				CLANG_WARN_INT_CONVERSION = YES;
				CLANG_WARN_NON_LITERAL_NULL_CONVERSION = YES;
				CLANG_WARN_OBJC_IMPLICIT_RETAIN_SELF = YES;
				CLANG_WARN_OBJC_LITERAL_CONVERSION = YES;
				CLANG_WARN_OBJC_ROOT_CLASS = YES_ERROR;
				CLANG_WARN_RANGE_LOOP_ANALYSIS = YES;
				CLANG_WARN_STRICT_PROTOTYPES = YES;
				CLANG_WARN_SUSPICIOUS_MOVE = YES;
				CLANG_WARN_UNGUARDED_AVAILABILITY = YES_AGGRESSIVE;
				CLANG_WARN_UNREACHABLE_CODE = YES;
				CLANG_WARN__DUPLICATE_METHOD_MATCH = YES;
				CODE_SIGN_IDENTITY = "iPhone Developer";
				COPY_PHASE_STRIP = NO;
				DEBUG_INFORMATION_FORMAT = "dwarf-with-dsym";
				DEFINES_MODULE = YES;
				ENABLE_NS_ASSERTIONS = NO;
				ENABLE_STRICT_OBJC_MSGSEND = YES;
				GCC_C_LANGUAGE_STANDARD = gnu11;
				GCC_NO_COMMON_BLOCKS = YES;
				GCC_WARN_64_TO_32_BIT_CONVERSION = YES;
				GCC_WARN_ABOUT_RETURN_TYPE = YES_ERROR;
				GCC_WARN_UNDECLARED_SELECTOR = YES;
				GCC_WARN_UNINITIALIZED_AUTOS = YES_AGGRESSIVE;
				GCC_WARN_UNUSED_FUNCTION = YES;
				GCC_WARN_UNUSED_VARIABLE = YES;
				IPHONEOS_DEPLOYMENT_TARGET = 11.4;
				MTL_ENABLE_DEBUG_INFO = NO;
				SDKROOT = iphoneos;
				VALIDATE_PRODUCT = YES;
			};
			name = Release;
		};
		11DD5D512128BC3D00D4EBE5 /* Debug */ = {
			isa = XCBuildConfiguration;
			baseConfigurationReference = A0D08D833520CD41D34EB1E4 /* Pods-Green.debug.xcconfig */;
			buildSettings = {
				ASSETCATALOG_COMPILER_APPICON_NAME = AppIcon;
				CLANG_ENABLE_MODULES = YES;
				CODE_SIGN_STYLE = Automatic;
				DEFINES_MODULE = YES;
				DEVELOPMENT_TEAM = G28XQH8SA5;
				INFOPLIST_FILE = Green/Info.plist;
				LD_RUNPATH_SEARCH_PATHS = (
					"$(inherited)",
					"@executable_path/Frameworks",
				);
				PRODUCT_BUNDLE_IDENTIFIER = uk.com.Green;
				PRODUCT_NAME = "$(TARGET_NAME)";
				SWIFT_OBJC_BRIDGING_HEADER = "Green/Green-Bridging-Header.h";
				SWIFT_OBJC_INTERFACE_HEADER_NAME = "Green/Green-Swift.h";
				SWIFT_OPTIMIZATION_LEVEL = "-Onone";
				SWIFT_VERSION = 3.0;
				TARGETED_DEVICE_FAMILY = "1,2";
			};
			name = Debug;
		};
		11DD5D522128BC3D00D4EBE5 /* Release */ = {
			isa = XCBuildConfiguration;
			baseConfigurationReference = 8E0B7CA87193072D24076997 /* Pods-Green.release.xcconfig */;
			buildSettings = {
				ASSETCATALOG_COMPILER_APPICON_NAME = AppIcon;
				CLANG_ENABLE_MODULES = YES;
				CODE_SIGN_STYLE = Automatic;
				DEFINES_MODULE = YES;
				DEVELOPMENT_TEAM = G28XQH8SA5;
				INFOPLIST_FILE = Green/Info.plist;
				LD_RUNPATH_SEARCH_PATHS = (
					"$(inherited)",
					"@executable_path/Frameworks",
				);
				PRODUCT_BUNDLE_IDENTIFIER = uk.com.Green;
				PRODUCT_NAME = "$(TARGET_NAME)";
				SWIFT_OBJC_BRIDGING_HEADER = "Green/Green-Bridging-Header.h";
				SWIFT_OBJC_INTERFACE_HEADER_NAME = "Green/Green-Swift.h";
				SWIFT_VERSION = 3.0;
				TARGETED_DEVICE_FAMILY = "1,2";
			};
			name = Release;
		};
		11DD5D542128BC3D00D4EBE5 /* Debug */ = {
			isa = XCBuildConfiguration;
			baseConfigurationReference = 421D83372B4A612CCF462631 /* Pods-GreenTests.debug.xcconfig */;
			buildSettings = {
				ALWAYS_EMBED_SWIFT_STANDARD_LIBRARIES = YES;
				BUNDLE_LOADER = "$(TEST_HOST)";
				CODE_SIGN_STYLE = Automatic;
				DEVELOPMENT_TEAM = G28XQH8SA5;
				INFOPLIST_FILE = GreenTests/Info.plist;
				LD_RUNPATH_SEARCH_PATHS = (
					"$(inherited)",
					"@executable_path/Frameworks",
					"@loader_path/Frameworks",
				);
				PRODUCT_BUNDLE_IDENTIFIER = uk.com.GreenTests;
				PRODUCT_NAME = "$(TARGET_NAME)";
				TARGETED_DEVICE_FAMILY = "1,2";
				TEST_HOST = "$(BUILT_PRODUCTS_DIR)/Green.app/Green";
			};
			name = Debug;
		};
		11DD5D552128BC3D00D4EBE5 /* Release */ = {
			isa = XCBuildConfiguration;
			baseConfigurationReference = D5488BA27D98EBD0ECB863BE /* Pods-GreenTests.release.xcconfig */;
			buildSettings = {
				ALWAYS_EMBED_SWIFT_STANDARD_LIBRARIES = YES;
				BUNDLE_LOADER = "$(TEST_HOST)";
				CODE_SIGN_STYLE = Automatic;
				DEVELOPMENT_TEAM = G28XQH8SA5;
				INFOPLIST_FILE = GreenTests/Info.plist;
				LD_RUNPATH_SEARCH_PATHS = (
					"$(inherited)",
					"@executable_path/Frameworks",
					"@loader_path/Frameworks",
				);
				PRODUCT_BUNDLE_IDENTIFIER = uk.com.GreenTests;
				PRODUCT_NAME = "$(TARGET_NAME)";
				TARGETED_DEVICE_FAMILY = "1,2";
				TEST_HOST = "$(BUILT_PRODUCTS_DIR)/Green.app/Green";
			};
			name = Release;
		};
/* End XCBuildConfiguration section */

/* Begin XCConfigurationList section */
		11DD5D272128BC3900D4EBE5 /* Build configuration list for PBXProject "Green" */ = {
			isa = XCConfigurationList;
			buildConfigurations = (
				11DD5D4E2128BC3D00D4EBE5 /* Debug */,
				11DD5D4F2128BC3D00D4EBE5 /* Release */,
			);
			defaultConfigurationIsVisible = 0;
			defaultConfigurationName = Release;
		};
		11DD5D502128BC3D00D4EBE5 /* Build configuration list for PBXNativeTarget "Green" */ = {
			isa = XCConfigurationList;
			buildConfigurations = (
				11DD5D512128BC3D00D4EBE5 /* Debug */,
				11DD5D522128BC3D00D4EBE5 /* Release */,
			);
			defaultConfigurationIsVisible = 0;
			defaultConfigurationName = Release;
		};
		11DD5D532128BC3D00D4EBE5 /* Build configuration list for PBXNativeTarget "GreenTests" */ = {
			isa = XCConfigurationList;
			buildConfigurations = (
				11DD5D542128BC3D00D4EBE5 /* Debug */,
				11DD5D552128BC3D00D4EBE5 /* Release */,
			);
			defaultConfigurationIsVisible = 0;
			defaultConfigurationName = Release;
		};
/* End XCConfigurationList section */

/* Begin XCVersionGroup section */
		11DD5D382128BC3A00D4EBE5 /* Green.xcdatamodeld */ = {
			isa = XCVersionGroup;
			children = (
				11DD5D392128BC3A00D4EBE5 /* Green.xcdatamodel */,
			);
			currentVersion = 11DD5D392128BC3A00D4EBE5 /* Green.xcdatamodel */;
			path = Green.xcdatamodeld;
			sourceTree = "<group>";
			versionGroupType = wrapper.xcdatamodel;
		};
/* End XCVersionGroup section */
	};
	rootObject = 11DD5D242128BC3900D4EBE5 /* Project object */;
}
